// !$*UTF8*$!
{
	archiveVersion = 1;
	classes = {
	};
	objectVersion = 55;
	objects = {

/* Begin PBXBuildFile section */
		170D7B4627ECE97E00E874C6 /* CloudKit.framework in Frameworks */ = {isa = PBXBuildFile; fileRef = 170D7B4527ECE97E00E874C6 /* CloudKit.framework */; };
		174316CF28021AF50001DC2E /* GlobalMessages.swift in Sources */ = {isa = PBXBuildFile; fileRef = 174316CE28021AF50001DC2E /* GlobalMessages.swift */; };
		174316D128030C3C0001DC2E /* ImagePicker.swift in Sources */ = {isa = PBXBuildFile; fileRef = 174316D028030C3C0001DC2E /* ImagePicker.swift */; };
		17C0B75D27F8BA190017ECEE /* CKUserModel.swift in Sources */ = {isa = PBXBuildFile; fileRef = 17C0B75C27F8BA190017ECEE /* CKUserModel.swift */; };
		17C0B75F27F9B3410017ECEE /* GlobalChatModel.swift in Sources */ = {isa = PBXBuildFile; fileRef = 17C0B75E27F9B3410017ECEE /* GlobalChatModel.swift */; };
		17C0CBAA27EFB7150023404A /* ChatBubble.swift in Sources */ = {isa = PBXBuildFile; fileRef = 17C0CBA927EFB7150023404A /* ChatBubble.swift */; };
		17C0CBAE27EFB75E0023404A /* GlobalChatView.swift in Sources */ = {isa = PBXBuildFile; fileRef = 17C0CBAD27EFB75E0023404A /* GlobalChatView.swift */; };
		17C0CBB627EFC5DB0023404A /* TabHandlerView.swift in Sources */ = {isa = PBXBuildFile; fileRef = 17C0CBB527EFC5DB0023404A /* TabHandlerView.swift */; };
		17FCDC5E27E2820900D34564 /* MessengerApp.swift in Sources */ = {isa = PBXBuildFile; fileRef = 17FCDC5D27E2820900D34564 /* MessengerApp.swift */; };
		17FCDC6227E2820A00D34564 /* Assets.xcassets in Resources */ = {isa = PBXBuildFile; fileRef = 17FCDC6127E2820A00D34564 /* Assets.xcassets */; };
		17FCDC6527E2820A00D34564 /* Preview Assets.xcassets in Resources */ = {isa = PBXBuildFile; fileRef = 17FCDC6427E2820A00D34564 /* Preview Assets.xcassets */; };
/* End PBXBuildFile section */

/* Begin PBXFileReference section */
		170D7B4327ECE94200E874C6 /* Messenger.entitlements */ = {isa = PBXFileReference; lastKnownFileType = text.plist.entitlements; path = Messenger.entitlements; sourceTree = "<group>"; };
		170D7B4527ECE97E00E874C6 /* CloudKit.framework */ = {isa = PBXFileReference; lastKnownFileType = wrapper.framework; name = CloudKit.framework; path = System/Library/Frameworks/CloudKit.framework; sourceTree = SDKROOT; };
		174316CE28021AF50001DC2E /* GlobalMessages.swift */ = {isa = PBXFileReference; lastKnownFileType = sourcecode.swift; path = GlobalMessages.swift; sourceTree = "<group>"; };
		174316D028030C3C0001DC2E /* ImagePicker.swift */ = {isa = PBXFileReference; lastKnownFileType = sourcecode.swift; path = ImagePicker.swift; sourceTree = "<group>"; };
		17C0B75C27F8BA190017ECEE /* CKUserModel.swift */ = {isa = PBXFileReference; lastKnownFileType = sourcecode.swift; path = CKUserModel.swift; sourceTree = "<group>"; };
		17C0B75E27F9B3410017ECEE /* GlobalChatModel.swift */ = {isa = PBXFileReference; lastKnownFileType = sourcecode.swift; path = GlobalChatModel.swift; sourceTree = "<group>"; };
		17C0CBA927EFB7150023404A /* ChatBubble.swift */ = {isa = PBXFileReference; lastKnownFileType = sourcecode.swift; path = ChatBubble.swift; sourceTree = "<group>"; };
		17C0CBAD27EFB75E0023404A /* GlobalChatView.swift */ = {isa = PBXFileReference; lastKnownFileType = sourcecode.swift; name = GlobalChatView.swift; path = Messenger/Views/Chat/Global/GlobalChatView.swift; sourceTree = SOURCE_ROOT; };
		17C0CBB527EFC5DB0023404A /* TabHandlerView.swift */ = {isa = PBXFileReference; lastKnownFileType = sourcecode.swift; path = TabHandlerView.swift; sourceTree = "<group>"; };
		17FCDC5A27E2820900D34564 /* Messenger.app */ = {isa = PBXFileReference; explicitFileType = wrapper.application; includeInIndex = 0; path = Messenger.app; sourceTree = BUILT_PRODUCTS_DIR; };
		17FCDC5D27E2820900D34564 /* MessengerApp.swift */ = {isa = PBXFileReference; lastKnownFileType = sourcecode.swift; path = MessengerApp.swift; sourceTree = "<group>"; };
		17FCDC6127E2820A00D34564 /* Assets.xcassets */ = {isa = PBXFileReference; lastKnownFileType = folder.assetcatalog; path = Assets.xcassets; sourceTree = "<group>"; };
		17FCDC6427E2820A00D34564 /* Preview Assets.xcassets */ = {isa = PBXFileReference; lastKnownFileType = folder.assetcatalog; path = "Preview Assets.xcassets"; sourceTree = "<group>"; };
/* End PBXFileReference section */

/* Begin PBXFrameworksBuildPhase section */
		17FCDC5727E2820900D34564 /* Frameworks */ = {
			isa = PBXFrameworksBuildPhase;
			buildActionMask = 2147483647;
			files = (
				170D7B4627ECE97E00E874C6 /* CloudKit.framework in Frameworks */,
			);
			runOnlyForDeploymentPostprocessing = 0;
		};
/* End PBXFrameworksBuildPhase section */

/* Begin PBXGroup section */
		170D7B4427ECE97E00E874C6 /* Frameworks */ = {
			isa = PBXGroup;
			children = (
				170D7B4527ECE97E00E874C6 /* CloudKit.framework */,
			);
			name = Frameworks;
			sourceTree = "<group>";
		};
		174316CD28021ADD0001DC2E /* Models */ = {
			isa = PBXGroup;
			children = (
				174316CE28021AF50001DC2E /* GlobalMessages.swift */,
				174316D028030C3C0001DC2E /* ImagePicker.swift */,
			);
			path = Models;
			sourceTree = "<group>";
		};
		17C0B75B27F8B4530017ECEE /* ViewModels */ = {
			isa = PBXGroup;
			children = (
				17C0B75C27F8BA190017ECEE /* CKUserModel.swift */,
				17C0B75E27F9B3410017ECEE /* GlobalChatModel.swift */,
			);
			path = ViewModels;
			sourceTree = "<group>";
		};
		17C0CBA027EFB66E0023404A /* Views */ = {
			isa = PBXGroup;
			children = (
				17C0CBB327EFC59D0023404A /* Chat */,
			);
			path = Views;
			sourceTree = "<group>";
		};
		17C0CBB327EFC59D0023404A /* Chat */ = {
			isa = PBXGroup;
			children = (
				17C0CBA927EFB7150023404A /* ChatBubble.swift */,
				17C0CBB427EFC5B30023404A /* Global */,
			);
			path = Chat;
			sourceTree = "<group>";
		};
		17C0CBB427EFC5B30023404A /* Global */ = {
			isa = PBXGroup;
			children = (
				17C0CBAD27EFB75E0023404A /* GlobalChatView.swift */,
			);
			path = Global;
			sourceTree = "<group>";
		};
		17FCDC5127E2820900D34564 = {
			isa = PBXGroup;
			children = (
				17FCDC5C27E2820900D34564 /* Messenger */,
				17FCDC5B27E2820900D34564 /* Products */,
				170D7B4427ECE97E00E874C6 /* Frameworks */,
			);
			sourceTree = "<group>";
		};
		17FCDC5B27E2820900D34564 /* Products */ = {
			isa = PBXGroup;
			children = (
				17FCDC5A27E2820900D34564 /* Messenger.app */,
			);
			name = Products;
			sourceTree = "<group>";
		};
		17FCDC5C27E2820900D34564 /* Messenger */ = {
			isa = PBXGroup;
			children = (
				174316CD28021ADD0001DC2E /* Models */,
				17C0B75B27F8B4530017ECEE /* ViewModels */,
				17C0CBA027EFB66E0023404A /* Views */,
				17C0CBB527EFC5DB0023404A /* TabHandlerView.swift */,
				170D7B4327ECE94200E874C6 /* Messenger.entitlements */,
				17FCDC5D27E2820900D34564 /* MessengerApp.swift */,
				17FCDC6127E2820A00D34564 /* Assets.xcassets */,
				17FCDC6327E2820A00D34564 /* Preview Content */,
			);
			path = Messenger;
			sourceTree = "<group>";
		};
		17FCDC6327E2820A00D34564 /* Preview Content */ = {
			isa = PBXGroup;
			children = (
				17FCDC6427E2820A00D34564 /* Preview Assets.xcassets */,
			);
			path = "Preview Content";
			sourceTree = "<group>";
		};
/* End PBXGroup section */

/* Begin PBXNativeTarget section */
		17FCDC5927E2820900D34564 /* Messenger */ = {
			isa = PBXNativeTarget;
			buildConfigurationList = 17FCDC6827E2820A00D34564 /* Build configuration list for PBXNativeTarget "Messenger" */;
			buildPhases = (
				17FCDC5627E2820900D34564 /* Sources */,
				17FCDC5727E2820900D34564 /* Frameworks */,
				17FCDC5827E2820900D34564 /* Resources */,
			);
			buildRules = (
			);
			dependencies = (
			);
			name = Messenger;
			productName = Messenger;
			productReference = 17FCDC5A27E2820900D34564 /* Messenger.app */;
			productType = "com.apple.product-type.application";
		};
/* End PBXNativeTarget section */

/* Begin PBXProject section */
		17FCDC5227E2820900D34564 /* Project object */ = {
			isa = PBXProject;
			attributes = {
				BuildIndependentTargetsInParallel = 1;
				LastSwiftUpdateCheck = 1320;
				LastUpgradeCheck = 1320;
				TargetAttributes = {
					17FCDC5927E2820900D34564 = {
						CreatedOnToolsVersion = 13.2.1;
					};
				};
			};
			buildConfigurationList = 17FCDC5527E2820900D34564 /* Build configuration list for PBXProject "Messenger" */;
			compatibilityVersion = "Xcode 13.0";
			developmentRegion = en;
			hasScannedForEncodings = 0;
			knownRegions = (
				en,
				Base,
			);
			mainGroup = 17FCDC5127E2820900D34564;
			productRefGroup = 17FCDC5B27E2820900D34564 /* Products */;
			projectDirPath = "";
			projectRoot = "";
			targets = (
				17FCDC5927E2820900D34564 /* Messenger */,
			);
		};
/* End PBXProject section */

/* Begin PBXResourcesBuildPhase section */
		17FCDC5827E2820900D34564 /* Resources */ = {
			isa = PBXResourcesBuildPhase;
			buildActionMask = 2147483647;
			files = (
				17FCDC6527E2820A00D34564 /* Preview Assets.xcassets in Resources */,
				17FCDC6227E2820A00D34564 /* Assets.xcassets in Resources */,
			);
			runOnlyForDeploymentPostprocessing = 0;
		};
/* End PBXResourcesBuildPhase section */

/* Begin PBXSourcesBuildPhase section */
		17FCDC5627E2820900D34564 /* Sources */ = {
			isa = PBXSourcesBuildPhase;
			buildActionMask = 2147483647;
			files = (
				17C0CBB627EFC5DB0023404A /* TabHandlerView.swift in Sources */,
				17C0CBAE27EFB75E0023404A /* GlobalChatView.swift in Sources */,
				17FCDC5E27E2820900D34564 /* MessengerApp.swift in Sources */,
				17C0B75D27F8BA190017ECEE /* CKUserModel.swift in Sources */,
				17C0B75F27F9B3410017ECEE /* GlobalChatModel.swift in Sources */,
				174316D128030C3C0001DC2E /* ImagePicker.swift in Sources */,
				17C0CBAA27EFB7150023404A /* ChatBubble.swift in Sources */,
				174316CF28021AF50001DC2E /* GlobalMessages.swift in Sources */,
			);
			runOnlyForDeploymentPostprocessing = 0;
		};
/* End PBXSourcesBuildPhase section */

/* Begin XCBuildConfiguration section */
		17FCDC6627E2820A00D34564 /* Debug */ = {
			isa = XCBuildConfiguration;
			buildSettings = {
				ALWAYS_SEARCH_USER_PATHS = NO;
				CLANG_ANALYZER_NONNULL = YES;
				CLANG_ANALYZER_NUMBER_OBJECT_CONVERSION = YES_AGGRESSIVE;
				CLANG_CXX_LANGUAGE_STANDARD = "gnu++17";
				CLANG_CXX_LIBRARY = "libc++";
				CLANG_ENABLE_MODULES = YES;
				CLANG_ENABLE_OBJC_ARC = YES;
				CLANG_ENABLE_OBJC_WEAK = YES;
				CLANG_WARN_BLOCK_CAPTURE_AUTORELEASING = YES;
				CLANG_WARN_BOOL_CONVERSION = YES;
				CLANG_WARN_COMMA = YES;
				CLANG_WARN_CONSTANT_CONVERSION = YES;
				CLANG_WARN_DEPRECATED_OBJC_IMPLEMENTATIONS = YES;
				CLANG_WARN_DIRECT_OBJC_ISA_USAGE = YES_ERROR;
				CLANG_WARN_DOCUMENTATION_COMMENTS = YES;
				CLANG_WARN_EMPTY_BODY = YES;
				CLANG_WARN_ENUM_CONVERSION = YES;
				CLANG_WARN_INFINITE_RECURSION = YES;
				CLANG_WARN_INT_CONVERSION = YES;
				CLANG_WARN_NON_LITERAL_NULL_CONVERSION = YES;
				CLANG_WARN_OBJC_IMPLICIT_RETAIN_SELF = YES;
				CLANG_WARN_OBJC_LITERAL_CONVERSION = YES;
				CLANG_WARN_OBJC_ROOT_CLASS = YES_ERROR;
				CLANG_WARN_QUOTED_INCLUDE_IN_FRAMEWORK_HEADER = YES;
				CLANG_WARN_RANGE_LOOP_ANALYSIS = YES;
				CLANG_WARN_STRICT_PROTOTYPES = YES;
				CLANG_WARN_SUSPICIOUS_MOVE = YES;
				CLANG_WARN_UNGUARDED_AVAILABILITY = YES_AGGRESSIVE;
				CLANG_WARN_UNREACHABLE_CODE = YES;
				CLANG_WARN__DUPLICATE_METHOD_MATCH = YES;
				COPY_PHASE_STRIP = NO;
				DEBUG_INFORMATION_FORMAT = dwarf;
				ENABLE_STRICT_OBJC_MSGSEND = YES;
				ENABLE_TESTABILITY = YES;
				GCC_C_LANGUAGE_STANDARD = gnu11;
				GCC_DYNAMIC_NO_PIC = NO;
				GCC_NO_COMMON_BLOCKS = YES;
				GCC_OPTIMIZATION_LEVEL = 0;
				GCC_PREPROCESSOR_DEFINITIONS = (
					"DEBUG=1",
					"$(inherited)",
				);
				GCC_WARN_64_TO_32_BIT_CONVERSION = YES;
				GCC_WARN_ABOUT_RETURN_TYPE = YES_ERROR;
				GCC_WARN_UNDECLARED_SELECTOR = YES;
				GCC_WARN_UNINITIALIZED_AUTOS = YES_AGGRESSIVE;
				GCC_WARN_UNUSED_FUNCTION = YES;
				GCC_WARN_UNUSED_VARIABLE = YES;
				IPHONEOS_DEPLOYMENT_TARGET = 15.2;
				MTL_ENABLE_DEBUG_INFO = INCLUDE_SOURCE;
				MTL_FAST_MATH = YES;
				ONLY_ACTIVE_ARCH = YES;
				SDKROOT = iphoneos;
				SWIFT_ACTIVE_COMPILATION_CONDITIONS = DEBUG;
				SWIFT_OPTIMIZATION_LEVEL = "-Onone";
			};
			name = Debug;
		};
		17FCDC6727E2820A00D34564 /* Release */ = {
			isa = XCBuildConfiguration;
			buildSettings = {
				ALWAYS_SEARCH_USER_PATHS = NO;
				CLANG_ANALYZER_NONNULL = YES;
				CLANG_ANALYZER_NUMBER_OBJECT_CONVERSION = YES_AGGRESSIVE;
				CLANG_CXX_LANGUAGE_STANDARD = "gnu++17";
				CLANG_CXX_LIBRARY = "libc++";
				CLANG_ENABLE_MODULES = YES;
				CLANG_ENABLE_OBJC_ARC = YES;
				CLANG_ENABLE_OBJC_WEAK = YES;
				CLANG_WARN_BLOCK_CAPTURE_AUTORELEASING = YES;
				CLANG_WARN_BOOL_CONVERSION = YES;
				CLANG_WARN_COMMA = YES;
				CLANG_WARN_CONSTANT_CONVERSION = YES;
				CLANG_WARN_DEPRECATED_OBJC_IMPLEMENTATIONS = YES;
				CLANG_WARN_DIRECT_OBJC_ISA_USAGE = YES_ERROR;
				CLANG_WARN_DOCUMENTATION_COMMENTS = YES;
				CLANG_WARN_EMPTY_BODY = YES;
				CLANG_WARN_ENUM_CONVERSION = YES;
				CLANG_WARN_INFINITE_RECURSION = YES;
				CLANG_WARN_INT_CONVERSION = YES;
				CLANG_WARN_NON_LITERAL_NULL_CONVERSION = YES;
				CLANG_WARN_OBJC_IMPLICIT_RETAIN_SELF = YES;
				CLANG_WARN_OBJC_LITERAL_CONVERSION = YES;
				CLANG_WARN_OBJC_ROOT_CLASS = YES_ERROR;
				CLANG_WARN_QUOTED_INCLUDE_IN_FRAMEWORK_HEADER = YES;
				CLANG_WARN_RANGE_LOOP_ANALYSIS = YES;
				CLANG_WARN_STRICT_PROTOTYPES = YES;
				CLANG_WARN_SUSPICIOUS_MOVE = YES;
				CLANG_WARN_UNGUARDED_AVAILABILITY = YES_AGGRESSIVE;
				CLANG_WARN_UNREACHABLE_CODE = YES;
				CLANG_WARN__DUPLICATE_METHOD_MATCH = YES;
				COPY_PHASE_STRIP = NO;
				DEBUG_INFORMATION_FORMAT = "dwarf-with-dsym";
				ENABLE_NS_ASSERTIONS = NO;
				ENABLE_STRICT_OBJC_MSGSEND = YES;
				GCC_C_LANGUAGE_STANDARD = gnu11;
				GCC_NO_COMMON_BLOCKS = YES;
				GCC_WARN_64_TO_32_BIT_CONVERSION = YES;
				GCC_WARN_ABOUT_RETURN_TYPE = YES_ERROR;
				GCC_WARN_UNDECLARED_SELECTOR = YES;
				GCC_WARN_UNINITIALIZED_AUTOS = YES_AGGRESSIVE;
				GCC_WARN_UNUSED_FUNCTION = YES;
				GCC_WARN_UNUSED_VARIABLE = YES;
				IPHONEOS_DEPLOYMENT_TARGET = 15.2;
				MTL_ENABLE_DEBUG_INFO = NO;
				MTL_FAST_MATH = YES;
				SDKROOT = iphoneos;
				SWIFT_COMPILATION_MODE = wholemodule;
				SWIFT_OPTIMIZATION_LEVEL = "-O";
				VALIDATE_PRODUCT = YES;
			};
			name = Release;
		};
		17FCDC6927E2820A00D34564 /* Debug */ = {
			isa = XCBuildConfiguration;
			buildSettings = {
				ASSETCATALOG_COMPILER_APPICON_NAME = AppIcon;
				ASSETCATALOG_COMPILER_GLOBAL_ACCENT_COLOR_NAME = AccentColor;
				CODE_SIGN_ENTITLEMENTS = Messenger/Messenger.entitlements;
				CODE_SIGN_STYLE = Automatic;
				CURRENT_PROJECT_VERSION = 1;
				DEVELOPMENT_ASSET_PATHS = "\"Messenger/Preview Content\"";
				DEVELOPMENT_TEAM = 6SB9AZP69F;
				ENABLE_PREVIEWS = YES;
				GENERATE_INFOPLIST_FILE = YES;
				INFOPLIST_KEY_UIApplicationSceneManifest_Generation = YES;
				INFOPLIST_KEY_UIApplicationSupportsIndirectInputEvents = YES;
				INFOPLIST_KEY_UILaunchScreen_Generation = YES;
				INFOPLIST_KEY_UISupportedInterfaceOrientations_iPad = "UIInterfaceOrientationPortrait UIInterfaceOrientationPortraitUpsideDown UIInterfaceOrientationLandscapeLeft UIInterfaceOrientationLandscapeRight";
				INFOPLIST_KEY_UISupportedInterfaceOrientations_iPhone = "UIInterfaceOrientationPortrait UIInterfaceOrientationLandscapeLeft UIInterfaceOrientationLandscapeRight";
				LD_RUNPATH_SEARCH_PATHS = (
					"$(inherited)",
					"@executable_path/Frameworks",
				);
				MARKETING_VERSION = 1.0;
				PRODUCT_BUNDLE_IDENTIFIER = me.florianzitlau.IOSMessenger;
				PRODUCT_NAME = "$(TARGET_NAME)";
				SWIFT_EMIT_LOC_STRINGS = YES;
				SWIFT_VERSION = 5.0;
				TARGETED_DEVICE_FAMILY = "1,2";
			};
			name = Debug;
		};
		17FCDC6A27E2820A00D34564 /* Release */ = {
			isa = XCBuildConfiguration;
			buildSettings = {
				ASSETCATALOG_COMPILER_APPICON_NAME = AppIcon;
				ASSETCATALOG_COMPILER_GLOBAL_ACCENT_COLOR_NAME = AccentColor;
				CODE_SIGN_ENTITLEMENTS = Messenger/Messenger.entitlements;
				CODE_SIGN_STYLE = Automatic;
				CURRENT_PROJECT_VERSION = 1;
				DEVELOPMENT_ASSET_PATHS = "\"Messenger/Preview Content\"";
				DEVELOPMENT_TEAM = 6SB9AZP69F;
				ENABLE_PREVIEWS = YES;
				GENERATE_INFOPLIST_FILE = YES;
				INFOPLIST_KEY_UIApplicationSceneManifest_Generation = YES;
				INFOPLIST_KEY_UIApplicationSupportsIndirectInputEvents = YES;
				INFOPLIST_KEY_UILaunchScreen_Generation = YES;
				INFOPLIST_KEY_UISupportedInterfaceOrientations_iPad = "UIInterfaceOrientationPortrait UIInterfaceOrientationPortraitUpsideDown UIInterfaceOrientationLandscapeLeft UIInterfaceOrientationLandscapeRight";
				INFOPLIST_KEY_UISupportedInterfaceOrientations_iPhone = "UIInterfaceOrientationPortrait UIInterfaceOrientationLandscapeLeft UIInterfaceOrientationLandscapeRight";
				LD_RUNPATH_SEARCH_PATHS = (
					"$(inherited)",
					"@executable_path/Frameworks",
				);
				MARKETING_VERSION = 1.0;
				PRODUCT_BUNDLE_IDENTIFIER = me.florianzitlau.IOSMessenger;
				PRODUCT_NAME = "$(TARGET_NAME)";
				SWIFT_EMIT_LOC_STRINGS = YES;
				SWIFT_VERSION = 5.0;
				TARGETED_DEVICE_FAMILY = "1,2";
			};
			name = Release;
		};
/* End XCBuildConfiguration section */

/* Begin XCConfigurationList section */
		17FCDC5527E2820900D34564 /* Build configuration list for PBXProject "Messenger" */ = {
			isa = XCConfigurationList;
			buildConfigurations = (
				17FCDC6627E2820A00D34564 /* Debug */,
				17FCDC6727E2820A00D34564 /* Release */,
			);
			defaultConfigurationIsVisible = 0;
			defaultConfigurationName = Release;
		};
		17FCDC6827E2820A00D34564 /* Build configuration list for PBXNativeTarget "Messenger" */ = {
			isa = XCConfigurationList;
			buildConfigurations = (
				17FCDC6927E2820A00D34564 /* Debug */,
				17FCDC6A27E2820A00D34564 /* Release */,
			);
			defaultConfigurationIsVisible = 0;
			defaultConfigurationName = Release;
		};
/* End XCConfigurationList section */
	};
	rootObject = 17FCDC5227E2820900D34564 /* Project object */;
}
